
Microsoft Visual Studio Solution File, Format Version 12.00
# Visual Studio Version 17
VisualStudioVersion = 17.7.34009.444
MinimumVisualStudioVersion = 10.0.40219.1
Project("{9A19103F-16F7-4668-BE54-9A1E7A4F7556}") = "Practico1", "..\..\..\..\..\source\repos\Practico1\Practico1\Practico1.csproj", "{6ECDA4DE-79CB-4664-A3FC-1623CB11D806}"
EndProject
Global
	GlobalSection(SolutionConfigurationPlatforms) = preSolution
		Debug|Any CPU = Debug|Any CPU
		Release|Any CPU = Release|Any CPU
	EndGlobalSection
	GlobalSection(ProjectConfigurationPlatforms) = postSolution
		{6ECDA4DE-79CB-4664-A3FC-1623CB11D806}.Debug|Any CPU.ActiveCfg = Debug|Any CPU
		{6ECDA4DE-79CB-4664-A3FC-1623CB11D806}.Debug|Any CPU.Build.0 = Debug|Any CPU
		{6ECDA4DE-79CB-4664-A3FC-1623CB11D806}.Release|Any CPU.ActiveCfg = Release|Any CPU
		{6ECDA4DE-79CB-4664-A3FC-1623CB11D806}.Release|Any CPU.Build.0 = Release|Any CPU
	EndGlobalSection
	GlobalSection(SolutionProperties) = preSolution
		HideSolutionNode = FALSE
	EndGlobalSection
	GlobalSection(ExtensibilityGlobals) = postSolution
		SolutionGuid = {81A8BE13-1430-4FC7-B272-2933B12FA05E}
	EndGlobalSection
EndGlobal
